
Microsoft Visual Studio Solution File, Format Version 12.00
# Visual Studio Version 16
VisualStudioVersion = 16.0.31624.102
MinimumVisualStudioVersion = 10.0.40219.1
Project("{FAE04EC0-301F-11D3-BF4B-00C04F79EFBC}") = "TeamASPNET", "TeamASPNET\TeamASPNET.csproj", "{6AA919F5-1822-4F54-A16A-34DF4F361DAC}"
EndProject
Global
	GlobalSection(SolutionConfigurationPlatforms) = preSolution
		Debug|Any CPU = Debug|Any CPU
		Release|Any CPU = Release|Any CPU
	EndGlobalSection
	GlobalSection(ProjectConfigurationPlatforms) = postSolution
		{6AA919F5-1822-4F54-A16A-34DF4F361DAC}.Debug|Any CPU.ActiveCfg = Debug|Any CPU
		{6AA919F5-1822-4F54-A16A-34DF4F361DAC}.Debug|Any CPU.Build.0 = Debug|Any CPU
		{6AA919F5-1822-4F54-A16A-34DF4F361DAC}.Release|Any CPU.ActiveCfg = Release|Any CPU
		{6AA919F5-1822-4F54-A16A-34DF4F361DAC}.Release|Any CPU.Build.0 = Release|Any CPU
	EndGlobalSection
	GlobalSection(SolutionProperties) = preSolution
		HideSolutionNode = FALSE
	EndGlobalSection
	GlobalSection(ExtensibilityGlobals) = postSolution
		SolutionGuid = {63051438-9143-4CA9-BFA2-CE2F8A5A8645}
	EndGlobalSection
EndGlobal
